filippo.io/edwards25519 v1.0.0-beta.3 h1:WQxB0FH5NzrhciInJ30bgL3soLng3AbdI651yQuVlCs=
filippo.io/edwards25519 v1.0.0-beta.3/go.mod h1:X+pm78QAUPtFLi1z9PYIlS/bdDnvbCOGKtZ+ACWEf7o=
github.com/MixinNetwork/go-number v0.0.0-20180814121220-f48e2574d9ef/go.mod h1:yED1WX0flPw5EBTLHye6ob3FnurCNk/Yk5NUe5VVWzg=
github.com/MixinNetwork/go-number v0.0.0-20210302140654-71a9f2b7e10d h1:vi28fNouiSHJDB1Nk5S4nkma6wtEHRW1TbDwNBjijMk=
github.com/MixinNetwork/go-number v0.0.0-20210302140654-71a9f2b7e10d/go.mod h1:N5G0zvYjtb/H9jaUovUbL6/ehYPlrAI9qeos/ezaBLk=
github.com/davecgh/go-spew v1.1.0/go.mod h1:J7Y8YcW2NihsgmVo/mv3lAwl/skON4iLHjSsI+c5H38=
github.com/gofrs/uuid v4.0.0+incompatible h1:1SD/1F5pU8p29ybwgQSwpQk+mwdRrXCYuPhW6m+TnJw=
github.com/gofrs/uuid v4.0.0+incompatible/go.mod h1:b2aQJv3Z4Fp6yNu3cdSllBxTCLRxnplIgP/c0N/04lM=
github.com/gorilla/websocket v1.4.2/go.mod h1:YR8l580nyteQvAITg2hZ9XVh4b55+EU/adAjf1fMHhE=
github.com/gorilla/websocket v1.4.3-0.20200912193213-c3dd95aea977 h1:a5PtLMWJYzuNNFNzGNl0oHZUsMJbE7qxvjSLbA3boiY=
github.com/gorilla/websocket v1.4.3-0.20200912193213-c3dd95aea977/go.mod h1:YR8l580nyteQvAITg2hZ9XVh4b55+EU/adAjf1fMHhE=
github.com/kataras/jwt v0.1.1 h1:EGmWUHYPHGUk/BstfHZU+2nnOPtekVpbUwrKbDYX6h8=
github.com/kataras/jwt v0.1.1/go.mod h1:4ss3aGJi58q3YGmhLUiOvNJnL7UlTXD7+Wf+skgsTmQ=
github.com/kataras/jwt v0.1.2/go.mod h1:4ss3aGJi58q3YGmhLUiOvNJnL7UlTXD7+Wf+skgsTmQ=
github.com/pmezard/go-difflib v1.0.0/go.mod h1:iKH77koFhYxTK1pcRnkKkqfTogsbg7gZNVY4sRDYZ/4=
github.com/shopspring/decimal v1.2.0/go.mod h1:DKyhrW/HYNuLGql+MJL6WCR6knT2jwCFRcu2hWCYk4o=
github.com/shopspring/decimal v1.2.1-0.20210218223250-9328d16578e0 h1:murI/1b0VfF2/miSZYMbJ/WR9v7EYcgj4uBxLo6EGdI=
github.com/shopspring/decimal v1.2.1-0.20210218223250-9328d16578e0/go.mod h1:DKyhrW/HYNuLGql+MJL6WCR6knT2jwCFRcu2hWCYk4o=
github.com/stretchr/objx v0.1.0/go.mod h1:HFkY916IF+rwdDfMAkV7OtwuqBVzrE8GR6GFx+wExME=
github.com/stretchr/testify v1.7.0/go.mod h1:6Fq8oRcR53rry900zMqJjRRixrwX3KX962/h/Wwjteg=
golang.org/x/crypto v0.0.0-20190308221718-c2843e01d9a2/go.mod h1:djNgcEr1/C05ACkg1iLfiJU5Ep61QUkGW8qpdssI0+w=
golang.org/x/crypto v0.0.0-20210220033148-5ea612d1eb83 h1:/ZScEX8SfEmUGRHs0gxpqteO5nfNW6axyZbBdw9A12g=
golang.org/x/crypto v0.0.0-20210220033148-5ea612d1eb83/go.mod h1:jdWPYTVW3xRLrWPugEBEK3UY2ZEsg3UU495nc5E+M+I=
golang.org/x/net v0.0.0-20190404232315-eb5bcb51f2a3/go.mod h1:t9HGtf8HONx5eT2rtn7q6eTqICYqUVnKs3thJo3Qplg=
golang.org/x/sys v0.0.0-20190215142949-d0b11bdaac8a/go.mod h1:STP8DvDyc/dI5b8T5hshtkjS+E42TnysNCUPdjciGhY=
golang.org/x/sys v0.0.0-20191026070338-33540a1f6037/go.mod h1:h1NjWce9XRLGQEsW7wpKNCjG9DtNlClVuFLEZdDNbEs=
golang.org/x/term v0.0.0-20201117132131-f5c789dd3221/go.mod h1:Nr5EML6q2oocZ2LXRh80K7BxOlk5/8JxuGnuhpl+muw=
golang.org/x/text v0.3.0/go.mod h1:NqM8EUOU14njkJ3fqMW+pc6Ldnwhi/IjpwHt7yyuwOQ=
gopkg.in/check.v1 v0.0.0-20161208181325-20d25e280405/go.mod h1:Co6ibVJAznAaIkqp8huTwlJQCZ016jof/cbN4VW5Yz0=
gopkg.in/urfave/cli.v1 v1.20.0/go.mod h1:vuBzUtMdQeixQj8LVd+/98pzhxNGQoyuPBlsXHOQNO0=
gopkg.in/yaml.v3 v3.0.0-20200313102051-9f266ea9e77c/go.mod h1:K4uyk7z7BCEPqu6E+C64Yfv1cQ7kz7rIZviUmN+EgEM=
